
Microsoft Visual Studio Solution File, Format Version 12.00
# Visual Studio Version 16
VisualStudioVersion = 16.0.29613.14
MinimumVisualStudioVersion = 10.0.40219.1
Project("{FAE04EC0-301F-11D3-BF4B-00C04F79EFBC}") = "WebAppProjeto0404", "WebAppProjeto0404\WebAppProjeto0404.csproj", "{FC66832D-73DD-4FED-84DC-4FBD9278CF1A}"
EndProject
Project("{FAE04EC0-301F-11D3-BF4B-00C04F79EFBC}") = "Modelo", "Modelo\Modelo.csproj", "{0F56645A-C053-4D43-A973-80B269B3D55A}"
EndProject
Project("{FAE04EC0-301F-11D3-BF4B-00C04F79EFBC}") = "Persistencia", "Persistencia\Persistencia.csproj", "{52DE603A-1E56-433D-AD3C-E7EA3F6992EF}"
EndProject
Global
	GlobalSection(SolutionConfigurationPlatforms) = preSolution
		Debug|Any CPU = Debug|Any CPU
		Release|Any CPU = Release|Any CPU
	EndGlobalSection
	GlobalSection(ProjectConfigurationPlatforms) = postSolution
		{FC66832D-73DD-4FED-84DC-4FBD9278CF1A}.Debug|Any CPU.ActiveCfg = Debug|Any CPU
		{FC66832D-73DD-4FED-84DC-4FBD9278CF1A}.Debug|Any CPU.Build.0 = Debug|Any CPU
		{FC66832D-73DD-4FED-84DC-4FBD9278CF1A}.Release|Any CPU.ActiveCfg = Release|Any CPU
		{FC66832D-73DD-4FED-84DC-4FBD9278CF1A}.Release|Any CPU.Build.0 = Release|Any CPU
		{0F56645A-C053-4D43-A973-80B269B3D55A}.Debug|Any CPU.ActiveCfg = Debug|Any CPU
		{0F56645A-C053-4D43-A973-80B269B3D55A}.Debug|Any CPU.Build.0 = Debug|Any CPU
		{0F56645A-C053-4D43-A973-80B269B3D55A}.Release|Any CPU.ActiveCfg = Release|Any CPU
		{0F56645A-C053-4D43-A973-80B269B3D55A}.Release|Any CPU.Build.0 = Release|Any CPU
		{52DE603A-1E56-433D-AD3C-E7EA3F6992EF}.Debug|Any CPU.ActiveCfg = Debug|Any CPU
		{52DE603A-1E56-433D-AD3C-E7EA3F6992EF}.Debug|Any CPU.Build.0 = Debug|Any CPU
		{52DE603A-1E56-433D-AD3C-E7EA3F6992EF}.Release|Any CPU.ActiveCfg = Release|Any CPU
		{52DE603A-1E56-433D-AD3C-E7EA3F6992EF}.Release|Any CPU.Build.0 = Release|Any CPU
	EndGlobalSection
	GlobalSection(SolutionProperties) = preSolution
		HideSolutionNode = FALSE
	EndGlobalSection
	GlobalSection(ExtensibilityGlobals) = postSolution
		SolutionGuid = {F6BCFB38-FDBA-48CE-96E1-276F2755C25A}
	EndGlobalSection
EndGlobal
